
Microsoft Visual Studio Solution File, Format Version 12.00
# Visual Studio Version 17
VisualStudioVersion = 17.4.32916.344
MinimumVisualStudioVersion = 10.0.40219.1
Project("{9A19103F-16F7-4668-BE54-9A1E7A4F7556}") = "CS10_Tests", "CS10_Tests\CS10_Tests.csproj", "{751A84B3-F005-44E6-82B6-ED96E6E69D68}"
EndProject
Global
	GlobalSection(SolutionConfigurationPlatforms) = preSolution
		Debug|Any CPU = Debug|Any CPU
		Release|Any CPU = Release|Any CPU
	EndGlobalSection
	GlobalSection(ProjectConfigurationPlatforms) = postSolution
		{751A84B3-F005-44E6-82B6-ED96E6E69D68}.Debug|Any CPU.ActiveCfg = Debug|Any CPU
		{751A84B3-F005-44E6-82B6-ED96E6E69D68}.Debug|Any CPU.Build.0 = Debug|Any CPU
		{751A84B3-F005-44E6-82B6-ED96E6E69D68}.Release|Any CPU.ActiveCfg = Release|Any CPU
		{751A84B3-F005-44E6-82B6-ED96E6E69D68}.Release|Any CPU.Build.0 = Release|Any CPU
	EndGlobalSection
	GlobalSection(SolutionProperties) = preSolution
		HideSolutionNode = FALSE
	EndGlobalSection
	GlobalSection(ExtensibilityGlobals) = postSolution
		SolutionGuid = {26A72B8C-7AD1-489D-B2EC-5727C318552F}
	EndGlobalSection
EndGlobal
